
Microsoft Visual Studio Solution File, Format Version 12.00
# Visual Studio Version 17
VisualStudioVersion = 17.8.34525.116
MinimumVisualStudioVersion = 10.0.40219.1
Project("{2150E333-8FDC-42A3-9474-1A3956D46DE8}") = "3.Concepts", "3.Concepts", "{F586ED3F-EBA1-40BC-9AE5-855AC8CF3100}"
EndProject
Project("{2150E333-8FDC-42A3-9474-1A3956D46DE8}") = "src", "src", "{C8506F8E-8D85-45B2-80CD-8BEB78B9A92B}"
EndProject
Project("{9A19103F-16F7-4668-BE54-9A1E7A4F7556}") = "UnderstandingDependencies.Api", "3.Concepts\src\UnderstandingDependencies.Api\UnderstandingDependencies.Api.csproj", "{C6AEF61C-1F47-4B8F-B036-748D607AB39A}"
EndProject
Project("{2150E333-8FDC-42A3-9474-1A3956D46DE8}") = "test", "test", "{014FA41C-A88F-4E3D-9C08-F083A25B28C8}"
EndProject
Project("{9A19103F-16F7-4668-BE54-9A1E7A4F7556}") = "UnderstandingDependencies.Api.Tests.Unit", "3.Concepts\test\UnderstandingDependencies.Api.Tests.Unit\UnderstandingDependencies.Api.Tests.Unit.csproj", "{3D245075-54ED-4A9F-A42F-2D578253992F}"
EndProject
Project("{2150E333-8FDC-42A3-9474-1A3956D46DE8}") = "4.RealProject", "4.RealProject", "{718D13BB-BB3A-4E90-BFEA-A59B66B23DB6}"
EndProject
Project("{2150E333-8FDC-42A3-9474-1A3956D46DE8}") = "src", "src", "{099E2596-F46C-41A9-B7EB-D6094A06D473}"
EndProject
Project("{2150E333-8FDC-42A3-9474-1A3956D46DE8}") = "test", "test", "{4BF97C52-6D43-4C42-8582-043646C7145A}"
EndProject
Project("{9A19103F-16F7-4668-BE54-9A1E7A4F7556}") = "Users.Api", "4.RealProject\src\Users.Api\Users.Api.csproj", "{4225E25A-9B8D-473F-A1A7-CD3E848524BC}"
EndProject
Project("{9A19103F-16F7-4668-BE54-9A1E7A4F7556}") = "Users.Api.Tests.Unit", "4.RealProject\test\Users.Api.Tests.Unit\Users.Api.Tests.Unit.csproj", "{04AEF631-8C88-44CC-B40F-6485876D6E8D}"
EndProject
Project("{2150E333-8FDC-42A3-9474-1A3956D46DE8}") = "5.AdvancedTechniques", "5.AdvancedTechniques", "{5CF61D81-0CC5-4A40-8E41-3185532E616F}"
EndProject
Project("{2150E333-8FDC-42A3-9474-1A3956D46DE8}") = "src", "src", "{B38299C9-8AFB-470B-B7D0-0038607CA98A}"
EndProject
Project("{2150E333-8FDC-42A3-9474-1A3956D46DE8}") = "test", "test", "{8E321283-56B5-4B25-808E-F27C70603996}"
EndProject
Project("{FAE04EC0-301F-11D3-BF4B-00C04F79EFBC}") = "AdvancedTechniques", "5.AdvancedTechniques\src\AdvancedTechniques\AdvancedTechniques.csproj", "{51059F6A-DB29-4B99-9489-56179393F555}"
EndProject
Project("{FAE04EC0-301F-11D3-BF4B-00C04F79EFBC}") = "AdvancedTechniques.Tests.Unit", "5.AdvancedTechniques\test\AdvancedTechniques.Tests.Unit\AdvancedTechniques.Tests.Unit.csproj", "{5239BAF4-9C19-4324-8073-BB1F5EA221DB}"
EndProject
Project("{2150E333-8FDC-42A3-9474-1A3956D46DE8}") = "1.Fundamentals", "1.Fundamentals", "{4C6F46FA-3E44-4677-AA98-72BCC80E09D9}"
EndProject
Project("{2150E333-8FDC-42A3-9474-1A3956D46DE8}") = "src", "src", "{2E76A8EC-1F25-45D2-80C5-01B3C5C4822B}"
EndProject
Project("{2150E333-8FDC-42A3-9474-1A3956D46DE8}") = "test", "test", "{A5DA141C-E009-4FAE-BCAA-E608DEE2327C}"
EndProject
Project("{2150E333-8FDC-42A3-9474-1A3956D46DE8}") = "2.Techniques", "2.Techniques", "{36866892-8FB5-4016-A85F-50E7C012B096}"
EndProject
Project("{2150E333-8FDC-42A3-9474-1A3956D46DE8}") = "src", "src", "{361C0049-60B2-41FB-99A4-4BC6D5B20271}"
EndProject
Project("{2150E333-8FDC-42A3-9474-1A3956D46DE8}") = "test", "test", "{9BD53EAF-03DB-4DA0-AEF7-8CCD8841CE57}"
EndProject
Project("{FAE04EC0-301F-11D3-BF4B-00C04F79EFBC}") = "CalculatorLibrary", "1.Fundamentals\src\CalculatorLibrary\CalculatorLibrary.csproj", "{BE287565-70D0-4A22-83CC-80435208EB25}"
EndProject
Project("{FAE04EC0-301F-11D3-BF4B-00C04F79EFBC}") = "CalculatorLibrary.Tests.Unit", "1.Fundamentals\test\CalculatorLibrary.Tests.Unit\CalculatorLibrary.Tests.Unit.csproj", "{3D3DA966-A688-4CD5-9980-8BAF5A425B9F}"
EndProject
Project("{FAE04EC0-301F-11D3-BF4B-00C04F79EFBC}") = "TestingTechniques", "2.Techniques\src\TestingTechniques\TestingTechniques.csproj", "{E18CD9B3-CB5E-481E-8FA0-9AC4CC5C0956}"
EndProject
Project("{FAE04EC0-301F-11D3-BF4B-00C04F79EFBC}") = "TestingTechniques.Tests.Unit", "2.Techniques\test\TestingTechniques.Tests.Unit\TestingTechniques.Tests.Unit.csproj", "{BD618AA7-933E-46CF-ABDE-CDE1174CAEA9}"
EndProject
Global
	GlobalSection(SolutionConfigurationPlatforms) = preSolution
		Debug|Any CPU = Debug|Any CPU
		Release|Any CPU = Release|Any CPU
	EndGlobalSection
	GlobalSection(ProjectConfigurationPlatforms) = postSolution
		{C6AEF61C-1F47-4B8F-B036-748D607AB39A}.Debug|Any CPU.ActiveCfg = Debug|Any CPU
		{C6AEF61C-1F47-4B8F-B036-748D607AB39A}.Debug|Any CPU.Build.0 = Debug|Any CPU
		{C6AEF61C-1F47-4B8F-B036-748D607AB39A}.Release|Any CPU.ActiveCfg = Release|Any CPU
		{C6AEF61C-1F47-4B8F-B036-748D607AB39A}.Release|Any CPU.Build.0 = Release|Any CPU
		{3D245075-54ED-4A9F-A42F-2D578253992F}.Debug|Any CPU.ActiveCfg = Debug|Any CPU
		{3D245075-54ED-4A9F-A42F-2D578253992F}.Debug|Any CPU.Build.0 = Debug|Any CPU
		{3D245075-54ED-4A9F-A42F-2D578253992F}.Release|Any CPU.ActiveCfg = Release|Any CPU
		{3D245075-54ED-4A9F-A42F-2D578253992F}.Release|Any CPU.Build.0 = Release|Any CPU
		{4225E25A-9B8D-473F-A1A7-CD3E848524BC}.Debug|Any CPU.ActiveCfg = Debug|Any CPU
		{4225E25A-9B8D-473F-A1A7-CD3E848524BC}.Debug|Any CPU.Build.0 = Debug|Any CPU
		{4225E25A-9B8D-473F-A1A7-CD3E848524BC}.Release|Any CPU.ActiveCfg = Release|Any CPU
		{4225E25A-9B8D-473F-A1A7-CD3E848524BC}.Release|Any CPU.Build.0 = Release|Any CPU
		{04AEF631-8C88-44CC-B40F-6485876D6E8D}.Debug|Any CPU.ActiveCfg = Debug|Any CPU
		{04AEF631-8C88-44CC-B40F-6485876D6E8D}.Debug|Any CPU.Build.0 = Debug|Any CPU
		{04AEF631-8C88-44CC-B40F-6485876D6E8D}.Release|Any CPU.ActiveCfg = Release|Any CPU
		{04AEF631-8C88-44CC-B40F-6485876D6E8D}.Release|Any CPU.Build.0 = Release|Any CPU
		{51059F6A-DB29-4B99-9489-56179393F555}.Debug|Any CPU.ActiveCfg = Debug|Any CPU
		{51059F6A-DB29-4B99-9489-56179393F555}.Debug|Any CPU.Build.0 = Debug|Any CPU
		{51059F6A-DB29-4B99-9489-56179393F555}.Release|Any CPU.ActiveCfg = Release|Any CPU
		{51059F6A-DB29-4B99-9489-56179393F555}.Release|Any CPU.Build.0 = Release|Any CPU
		{5239BAF4-9C19-4324-8073-BB1F5EA221DB}.Debug|Any CPU.ActiveCfg = Debug|Any CPU
		{5239BAF4-9C19-4324-8073-BB1F5EA221DB}.Debug|Any CPU.Build.0 = Debug|Any CPU
		{5239BAF4-9C19-4324-8073-BB1F5EA221DB}.Release|Any CPU.ActiveCfg = Release|Any CPU
		{5239BAF4-9C19-4324-8073-BB1F5EA221DB}.Release|Any CPU.Build.0 = Release|Any CPU
		{BE287565-70D0-4A22-83CC-80435208EB25}.Debug|Any CPU.ActiveCfg = Debug|Any CPU
		{BE287565-70D0-4A22-83CC-80435208EB25}.Debug|Any CPU.Build.0 = Debug|Any CPU
		{BE287565-70D0-4A22-83CC-80435208EB25}.Release|Any CPU.ActiveCfg = Release|Any CPU
		{BE287565-70D0-4A22-83CC-80435208EB25}.Release|Any CPU.Build.0 = Release|Any CPU
		{3D3DA966-A688-4CD5-9980-8BAF5A425B9F}.Debug|Any CPU.ActiveCfg = Debug|Any CPU
		{3D3DA966-A688-4CD5-9980-8BAF5A425B9F}.Debug|Any CPU.Build.0 = Debug|Any CPU
		{3D3DA966-A688-4CD5-9980-8BAF5A425B9F}.Release|Any CPU.ActiveCfg = Release|Any CPU
		{3D3DA966-A688-4CD5-9980-8BAF5A425B9F}.Release|Any CPU.Build.0 = Release|Any CPU
		{E18CD9B3-CB5E-481E-8FA0-9AC4CC5C0956}.Debug|Any CPU.ActiveCfg = Debug|Any CPU
		{E18CD9B3-CB5E-481E-8FA0-9AC4CC5C0956}.Debug|Any CPU.Build.0 = Debug|Any CPU
		{E18CD9B3-CB5E-481E-8FA0-9AC4CC5C0956}.Release|Any CPU.ActiveCfg = Release|Any CPU
		{E18CD9B3-CB5E-481E-8FA0-9AC4CC5C0956}.Release|Any CPU.Build.0 = Release|Any CPU
		{BD618AA7-933E-46CF-ABDE-CDE1174CAEA9}.Debug|Any CPU.ActiveCfg = Debug|Any CPU
		{BD618AA7-933E-46CF-ABDE-CDE1174CAEA9}.Debug|Any CPU.Build.0 = Debug|Any CPU
		{BD618AA7-933E-46CF-ABDE-CDE1174CAEA9}.Release|Any CPU.ActiveCfg = Release|Any CPU
		{BD618AA7-933E-46CF-ABDE-CDE1174CAEA9}.Release|Any CPU.Build.0 = Release|Any CPU
	EndGlobalSection
	GlobalSection(SolutionProperties) = preSolution
		HideSolutionNode = FALSE
	EndGlobalSection
	GlobalSection(NestedProjects) = preSolution
		{C8506F8E-8D85-45B2-80CD-8BEB78B9A92B} = {F586ED3F-EBA1-40BC-9AE5-855AC8CF3100}
		{C6AEF61C-1F47-4B8F-B036-748D607AB39A} = {C8506F8E-8D85-45B2-80CD-8BEB78B9A92B}
		{014FA41C-A88F-4E3D-9C08-F083A25B28C8} = {F586ED3F-EBA1-40BC-9AE5-855AC8CF3100}
		{3D245075-54ED-4A9F-A42F-2D578253992F} = {014FA41C-A88F-4E3D-9C08-F083A25B28C8}
		{099E2596-F46C-41A9-B7EB-D6094A06D473} = {718D13BB-BB3A-4E90-BFEA-A59B66B23DB6}
		{4BF97C52-6D43-4C42-8582-043646C7145A} = {718D13BB-BB3A-4E90-BFEA-A59B66B23DB6}
		{4225E25A-9B8D-473F-A1A7-CD3E848524BC} = {099E2596-F46C-41A9-B7EB-D6094A06D473}
		{04AEF631-8C88-44CC-B40F-6485876D6E8D} = {4BF97C52-6D43-4C42-8582-043646C7145A}
		{B38299C9-8AFB-470B-B7D0-0038607CA98A} = {5CF61D81-0CC5-4A40-8E41-3185532E616F}
		{8E321283-56B5-4B25-808E-F27C70603996} = {5CF61D81-0CC5-4A40-8E41-3185532E616F}
		{51059F6A-DB29-4B99-9489-56179393F555} = {B38299C9-8AFB-470B-B7D0-0038607CA98A}
		{5239BAF4-9C19-4324-8073-BB1F5EA221DB} = {8E321283-56B5-4B25-808E-F27C70603996}
		{2E76A8EC-1F25-45D2-80C5-01B3C5C4822B} = {4C6F46FA-3E44-4677-AA98-72BCC80E09D9}
		{A5DA141C-E009-4FAE-BCAA-E608DEE2327C} = {4C6F46FA-3E44-4677-AA98-72BCC80E09D9}
		{361C0049-60B2-41FB-99A4-4BC6D5B20271} = {36866892-8FB5-4016-A85F-50E7C012B096}
		{9BD53EAF-03DB-4DA0-AEF7-8CCD8841CE57} = {36866892-8FB5-4016-A85F-50E7C012B096}
		{BE287565-70D0-4A22-83CC-80435208EB25} = {2E76A8EC-1F25-45D2-80C5-01B3C5C4822B}
		{3D3DA966-A688-4CD5-9980-8BAF5A425B9F} = {A5DA141C-E009-4FAE-BCAA-E608DEE2327C}
		{E18CD9B3-CB5E-481E-8FA0-9AC4CC5C0956} = {361C0049-60B2-41FB-99A4-4BC6D5B20271}
		{BD618AA7-933E-46CF-ABDE-CDE1174CAEA9} = {9BD53EAF-03DB-4DA0-AEF7-8CCD8841CE57}
	EndGlobalSection
	GlobalSection(ExtensibilityGlobals) = postSolution
		SolutionGuid = {AA2269C8-3844-4495-BF1A-78D4D16089CB}
	EndGlobalSection
EndGlobal
